# THIS IS AN AUTOGENERATED FILE. DO NOT EDIT THIS FILE DIRECTLY.
# yarn lockfile v1


bs-platform@^8.2.0:
  version "8.2.0"
  resolved "https://registry.yarnpkg.com/bs-platform/-/bs-platform-8.2.0.tgz#f3f4c06d5710a4c782f0ed030b1fe11e74a0a6d7"
  integrity sha512-quvmUac/ZxGDsT7L5+6RNXrLPvLHkWFownacaqlwVoyAm770bPyupTRU49ALPGk3HpjfD5eE+lpGdOSPtuwJiA==

rationale@^0.2.0:
  version "0.2.0"
  resolved "https://registry.yarnpkg.com/rationale/-/rationale-0.2.0.tgz#555ed4f3cc7cd0245faeac041d3769f1857e4f3d"
  integrity sha512-Pd8w5Inv1JhTfRyx03zs486CEAn6UKXvvOtxVRLsewngsBSffo3MQwUKYS75L/8vPt98wmf7iaZROx362/f7Bw==
